// !$*UTF8*$!
{
	archiveVersion = 1;
	classes = {
	};
	objectVersion = 46;
	objects = {

/* Begin PBXBuildFile section */
		900CBAB81A5ACAE3497B5F0B /* Pods_MarvelOus.framework in Frameworks */ = {isa = PBXBuildFile; fileRef = 5B981FF36F028383A01147C2 /* Pods_MarvelOus.framework */; };
		9C4F6CA81EBF396E004D5F23 /* Character.swift in Sources */ = {isa = PBXBuildFile; fileRef = 9C4F6CA01EBF396E004D5F23 /* Character.swift */; };
		9C4F6CA91EBF396E004D5F23 /* Comic.swift in Sources */ = {isa = PBXBuildFile; fileRef = 9C4F6CA11EBF396E004D5F23 /* Comic.swift */; };
		9C4F6CAA1EBF396E004D5F23 /* Dates.swift in Sources */ = {isa = PBXBuildFile; fileRef = 9C4F6CA21EBF396E004D5F23 /* Dates.swift */; };
		9C4F6CAB1EBF396E004D5F23 /* Images.swift in Sources */ = {isa = PBXBuildFile; fileRef = 9C4F6CA31EBF396E004D5F23 /* Images.swift */; };
		9C4F6CAC1EBF396E004D5F23 /* Price.swift in Sources */ = {isa = PBXBuildFile; fileRef = 9C4F6CA41EBF396E004D5F23 /* Price.swift */; };
		9C4F6CAD1EBF396E004D5F23 /* Series.swift in Sources */ = {isa = PBXBuildFile; fileRef = 9C4F6CA51EBF396E004D5F23 /* Series.swift */; };
		9C4F6CAF1EBF396E004D5F23 /* Thumbnail.swift in Sources */ = {isa = PBXBuildFile; fileRef = 9C4F6CA71EBF396E004D5F23 /* Thumbnail.swift */; };
		9C4F6CB11EBF3AA1004D5F23 /* Creator.swift in Sources */ = {isa = PBXBuildFile; fileRef = 9C4F6CB01EBF3AA1004D5F23 /* Creator.swift */; };
		9C4F6CB31EBF3C95004D5F23 /* Comic+Create.swift in Sources */ = {isa = PBXBuildFile; fileRef = 9C4F6CB21EBF3C95004D5F23 /* Comic+Create.swift */; };
		9C4F6CB51EBF447D004D5F23 /* Comics.json in Resources */ = {isa = PBXBuildFile; fileRef = 9C4F6CB41EBF447D004D5F23 /* Comics.json */; };
		9C4F6CB61EBF4482004D5F23 /* Comics.json in Resources */ = {isa = PBXBuildFile; fileRef = 9C4F6CB41EBF447D004D5F23 /* Comics.json */; };
		9C4F6CB81EBF474F004D5F23 /* ComicResult.swift in Sources */ = {isa = PBXBuildFile; fileRef = 9C4F6CB71EBF474F004D5F23 /* ComicResult.swift */; };
		9CE39B491EBCDE1900A08E94 /* AppDelegate.swift in Sources */ = {isa = PBXBuildFile; fileRef = 9CE39B481EBCDE1900A08E94 /* AppDelegate.swift */; };
		9CE39B4E1EBCDE1900A08E94 /* Main.storyboard in Resources */ = {isa = PBXBuildFile; fileRef = 9CE39B4C1EBCDE1900A08E94 /* Main.storyboard */; };
		9CE39B501EBCDE1900A08E94 /* Assets.xcassets in Resources */ = {isa = PBXBuildFile; fileRef = 9CE39B4F1EBCDE1900A08E94 /* Assets.xcassets */; };
		9CE39B531EBCDE1900A08E94 /* LaunchScreen.storyboard in Resources */ = {isa = PBXBuildFile; fileRef = 9CE39B511EBCDE1900A08E94 /* LaunchScreen.storyboard */; };
		9CE39B5E1EBCDE1900A08E94 /* MarvelOusTests.swift in Sources */ = {isa = PBXBuildFile; fileRef = 9CE39B5D1EBCDE1900A08E94 /* MarvelOusTests.swift */; };
		9CE39B691EBCDE1900A08E94 /* MarvelOusUITests.swift in Sources */ = {isa = PBXBuildFile; fileRef = 9CE39B681EBCDE1900A08E94 /* MarvelOusUITests.swift */; };
		9CE39B7B1EBCDF5400A08E94 /* apikeys.plist in Resources */ = {isa = PBXBuildFile; fileRef = 9CE39B7A1EBCDF5400A08E94 /* apikeys.plist */; };
		9CE39B7D1EBCDF6C00A08E94 /* MarvelAPI.swift in Sources */ = {isa = PBXBuildFile; fileRef = 9CE39B7C1EBCDF6C00A08E94 /* MarvelAPI.swift */; };
		C8D02CBE94AD8B270D685A23 /* Pods_MarvelOusTests.framework in Frameworks */ = {isa = PBXBuildFile; fileRef = A66EB2C89EE19EDCF98D9B02 /* Pods_MarvelOusTests.framework */; };
/* End PBXBuildFile section */

/* Begin PBXContainerItemProxy section */
		9CE39B5A1EBCDE1900A08E94 /* PBXContainerItemProxy */ = {
			isa = PBXContainerItemProxy;
			containerPortal = 9CE39B3D1EBCDE1900A08E94 /* Project object */;
			proxyType = 1;
			remoteGlobalIDString = 9CE39B441EBCDE1900A08E94;
			remoteInfo = MarvelOus;
		};
		9CE39B651EBCDE1900A08E94 /* PBXContainerItemProxy */ = {
			isa = PBXContainerItemProxy;
			containerPortal = 9CE39B3D1EBCDE1900A08E94 /* Project object */;
			proxyType = 1;
			remoteGlobalIDString = 9CE39B441EBCDE1900A08E94;
			remoteInfo = MarvelOus;
		};
/* End PBXContainerItemProxy section */

/* Begin PBXFileReference section */
		0660D949DCC106D0DDBCF083 /* Pods-MarvelOus.debug.xcconfig */ = {isa = PBXFileReference; includeInIndex = 1; lastKnownFileType = text.xcconfig; name = "Pods-MarvelOus.debug.xcconfig"; path = "Pods/Target Support Files/Pods-MarvelOus/Pods-MarvelOus.debug.xcconfig"; sourceTree = "<group>"; };
		4E2F2B0811147207BD041CF3 /* Pods-MarvelOusTests.debug.xcconfig */ = {isa = PBXFileReference; includeInIndex = 1; lastKnownFileType = text.xcconfig; name = "Pods-MarvelOusTests.debug.xcconfig"; path = "Pods/Target Support Files/Pods-MarvelOusTests/Pods-MarvelOusTests.debug.xcconfig"; sourceTree = "<group>"; };
		5B981FF36F028383A01147C2 /* Pods_MarvelOus.framework */ = {isa = PBXFileReference; explicitFileType = wrapper.framework; includeInIndex = 0; path = Pods_MarvelOus.framework; sourceTree = BUILT_PRODUCTS_DIR; };
		9C4F6CA01EBF396E004D5F23 /* Character.swift */ = {isa = PBXFileReference; fileEncoding = 4; lastKnownFileType = sourcecode.swift; name = Character.swift; path = Model/Character.swift; sourceTree = "<group>"; };
		9C4F6CA11EBF396E004D5F23 /* Comic.swift */ = {isa = PBXFileReference; fileEncoding = 4; lastKnownFileType = sourcecode.swift; name = Comic.swift; path = Model/Comic.swift; sourceTree = "<group>"; };
		9C4F6CA21EBF396E004D5F23 /* Dates.swift */ = {isa = PBXFileReference; fileEncoding = 4; lastKnownFileType = sourcecode.swift; name = Dates.swift; path = Model/Dates.swift; sourceTree = "<group>"; };
		9C4F6CA31EBF396E004D5F23 /* Images.swift */ = {isa = PBXFileReference; fileEncoding = 4; lastKnownFileType = sourcecode.swift; name = Images.swift; path = Model/Images.swift; sourceTree = "<group>"; };
		9C4F6CA41EBF396E004D5F23 /* Price.swift */ = {isa = PBXFileReference; fileEncoding = 4; lastKnownFileType = sourcecode.swift; name = Price.swift; path = Model/Price.swift; sourceTree = "<group>"; };
		9C4F6CA51EBF396E004D5F23 /* Series.swift */ = {isa = PBXFileReference; fileEncoding = 4; lastKnownFileType = sourcecode.swift; name = Series.swift; path = Model/Series.swift; sourceTree = "<group>"; };
		9C4F6CA71EBF396E004D5F23 /* Thumbnail.swift */ = {isa = PBXFileReference; fileEncoding = 4; lastKnownFileType = sourcecode.swift; name = Thumbnail.swift; path = Model/Thumbnail.swift; sourceTree = "<group>"; };
		9C4F6CB01EBF3AA1004D5F23 /* Creator.swift */ = {isa = PBXFileReference; fileEncoding = 4; lastKnownFileType = sourcecode.swift; name = Creator.swift; path = Model/Creator.swift; sourceTree = "<group>"; };
		9C4F6CB21EBF3C95004D5F23 /* Comic+Create.swift */ = {isa = PBXFileReference; fileEncoding = 4; lastKnownFileType = sourcecode.swift; name = "Comic+Create.swift"; path = "Interactor/Comic+Create.swift"; sourceTree = "<group>"; };
		9C4F6CB41EBF447D004D5F23 /* Comics.json */ = {isa = PBXFileReference; fileEncoding = 4; lastKnownFileType = text.json; path = Comics.json; sourceTree = "<group>"; };
		9C4F6CB71EBF474F004D5F23 /* ComicResult.swift */ = {isa = PBXFileReference; fileEncoding = 4; lastKnownFileType = sourcecode.swift; name = ComicResult.swift; path = Controller/ComicResult.swift; sourceTree = "<group>"; };
		9CE39B451EBCDE1900A08E94 /* MarvelOus.app */ = {isa = PBXFileReference; explicitFileType = wrapper.application; includeInIndex = 0; path = MarvelOus.app; sourceTree = BUILT_PRODUCTS_DIR; };
		9CE39B481EBCDE1900A08E94 /* AppDelegate.swift */ = {isa = PBXFileReference; lastKnownFileType = sourcecode.swift; path = AppDelegate.swift; sourceTree = "<group>"; };
		9CE39B4D1EBCDE1900A08E94 /* Base */ = {isa = PBXFileReference; lastKnownFileType = file.storyboard; name = Base; path = Base.lproj/Main.storyboard; sourceTree = "<group>"; };
		9CE39B4F1EBCDE1900A08E94 /* Assets.xcassets */ = {isa = PBXFileReference; lastKnownFileType = folder.assetcatalog; path = Assets.xcassets; sourceTree = "<group>"; };
		9CE39B521EBCDE1900A08E94 /* Base */ = {isa = PBXFileReference; lastKnownFileType = file.storyboard; name = Base; path = Base.lproj/LaunchScreen.storyboard; sourceTree = "<group>"; };
		9CE39B541EBCDE1900A08E94 /* Info.plist */ = {isa = PBXFileReference; lastKnownFileType = text.plist.xml; path = Info.plist; sourceTree = "<group>"; };
		9CE39B591EBCDE1900A08E94 /* MarvelOusTests.xctest */ = {isa = PBXFileReference; explicitFileType = wrapper.cfbundle; includeInIndex = 0; path = MarvelOusTests.xctest; sourceTree = BUILT_PRODUCTS_DIR; };
		9CE39B5D1EBCDE1900A08E94 /* MarvelOusTests.swift */ = {isa = PBXFileReference; lastKnownFileType = sourcecode.swift; path = MarvelOusTests.swift; sourceTree = "<group>"; };
		9CE39B5F1EBCDE1900A08E94 /* Info.plist */ = {isa = PBXFileReference; lastKnownFileType = text.plist.xml; path = Info.plist; sourceTree = "<group>"; };
		9CE39B641EBCDE1900A08E94 /* MarvelOusUITests.xctest */ = {isa = PBXFileReference; explicitFileType = wrapper.cfbundle; includeInIndex = 0; path = MarvelOusUITests.xctest; sourceTree = BUILT_PRODUCTS_DIR; };
		9CE39B681EBCDE1900A08E94 /* MarvelOusUITests.swift */ = {isa = PBXFileReference; lastKnownFileType = sourcecode.swift; path = MarvelOusUITests.swift; sourceTree = "<group>"; };
		9CE39B6A1EBCDE1900A08E94 /* Info.plist */ = {isa = PBXFileReference; lastKnownFileType = text.plist.xml; path = Info.plist; sourceTree = "<group>"; };
		9CE39B7A1EBCDF5400A08E94 /* apikeys.plist */ = {isa = PBXFileReference; fileEncoding = 4; lastKnownFileType = text.plist.xml; name = apikeys.plist; path = Interactor/apikeys.plist; sourceTree = "<group>"; };
		9CE39B7C1EBCDF6C00A08E94 /* MarvelAPI.swift */ = {isa = PBXFileReference; fileEncoding = 4; lastKnownFileType = sourcecode.swift; name = MarvelAPI.swift; path = Interactor/MarvelAPI.swift; sourceTree = "<group>"; };
		A18C5578EFBA05D4F1C4CF9A /* Pods-MarvelOusTests.release.xcconfig */ = {isa = PBXFileReference; includeInIndex = 1; lastKnownFileType = text.xcconfig; name = "Pods-MarvelOusTests.release.xcconfig"; path = "Pods/Target Support Files/Pods-MarvelOusTests/Pods-MarvelOusTests.release.xcconfig"; sourceTree = "<group>"; };
		A66EB2C89EE19EDCF98D9B02 /* Pods_MarvelOusTests.framework */ = {isa = PBXFileReference; explicitFileType = wrapper.framework; includeInIndex = 0; path = Pods_MarvelOusTests.framework; sourceTree = BUILT_PRODUCTS_DIR; };
		F7CE11204F95ECA3ADC4EFC6 /* Pods-MarvelOus.release.xcconfig */ = {isa = PBXFileReference; includeInIndex = 1; lastKnownFileType = text.xcconfig; name = "Pods-MarvelOus.release.xcconfig"; path = "Pods/Target Support Files/Pods-MarvelOus/Pods-MarvelOus.release.xcconfig"; sourceTree = "<group>"; };
/* End PBXFileReference section */

/* Begin PBXFrameworksBuildPhase section */
		9CE39B421EBCDE1900A08E94 /* Frameworks */ = {
			isa = PBXFrameworksBuildPhase;
			buildActionMask = 2147483647;
			files = (
				900CBAB81A5ACAE3497B5F0B /* Pods_MarvelOus.framework in Frameworks */,
			);
			runOnlyForDeploymentPostprocessing = 0;
		};
		9CE39B561EBCDE1900A08E94 /* Frameworks */ = {
			isa = PBXFrameworksBuildPhase;
			buildActionMask = 2147483647;
			files = (
				C8D02CBE94AD8B270D685A23 /* Pods_MarvelOusTests.framework in Frameworks */,
			);
			runOnlyForDeploymentPostprocessing = 0;
		};
		9CE39B611EBCDE1900A08E94 /* Frameworks */ = {
			isa = PBXFrameworksBuildPhase;
			buildActionMask = 2147483647;
			files = (
			);
			runOnlyForDeploymentPostprocessing = 0;
		};
/* End PBXFrameworksBuildPhase section */

/* Begin PBXGroup section */
		59143498CD5F013C7B974591 /* Pods */ = {
			isa = PBXGroup;
			children = (
				0660D949DCC106D0DDBCF083 /* Pods-MarvelOus.debug.xcconfig */,
				F7CE11204F95ECA3ADC4EFC6 /* Pods-MarvelOus.release.xcconfig */,
				4E2F2B0811147207BD041CF3 /* Pods-MarvelOusTests.debug.xcconfig */,
				A18C5578EFBA05D4F1C4CF9A /* Pods-MarvelOusTests.release.xcconfig */,
			);
			name = Pods;
			sourceTree = "<group>";
		};
		9CE39B3C1EBCDE1900A08E94 = {
			isa = PBXGroup;
			children = (
				9CE39B471EBCDE1900A08E94 /* MarvelOus */,
				9CE39B5C1EBCDE1900A08E94 /* MarvelOusTests */,
				9CE39B671EBCDE1900A08E94 /* MarvelOusUITests */,
				9CE39B461EBCDE1900A08E94 /* Products */,
				59143498CD5F013C7B974591 /* Pods */,
				B8D4BDC909F2A8947D6387D9 /* Frameworks */,
			);
			sourceTree = "<group>";
		};
		9CE39B461EBCDE1900A08E94 /* Products */ = {
			isa = PBXGroup;
			children = (
				9CE39B451EBCDE1900A08E94 /* MarvelOus.app */,
				9CE39B591EBCDE1900A08E94 /* MarvelOusTests.xctest */,
				9CE39B641EBCDE1900A08E94 /* MarvelOusUITests.xctest */,
			);
			name = Products;
			sourceTree = "<group>";
		};
		9CE39B471EBCDE1900A08E94 /* MarvelOus */ = {
			isa = PBXGroup;
			children = (
				9CE39B771EBCDE5F00A08E94 /* View */,
				9CE39B791EBCDE7800A08E94 /* Interactor */,
				9CE39B781EBCDE6600A08E94 /* Controller */,
				9CE39B761EBCDE5500A08E94 /* Model */,
				9CE39B4C1EBCDE1900A08E94 /* Main.storyboard */,
				9CE39B4F1EBCDE1900A08E94 /* Assets.xcassets */,
				9CE39B511EBCDE1900A08E94 /* LaunchScreen.storyboard */,
				9CE39B541EBCDE1900A08E94 /* Info.plist */,
			);
			path = MarvelOus;
			sourceTree = "<group>";
		};
		9CE39B5C1EBCDE1900A08E94 /* MarvelOusTests */ = {
			isa = PBXGroup;
			children = (
				9CE39B5D1EBCDE1900A08E94 /* MarvelOusTests.swift */,
				9CE39B5F1EBCDE1900A08E94 /* Info.plist */,
			);
			path = MarvelOusTests;
			sourceTree = "<group>";
		};
		9CE39B671EBCDE1900A08E94 /* MarvelOusUITests */ = {
			isa = PBXGroup;
			children = (
				9CE39B681EBCDE1900A08E94 /* MarvelOusUITests.swift */,
				9CE39B6A1EBCDE1900A08E94 /* Info.plist */,
			);
			path = MarvelOusUITests;
			sourceTree = "<group>";
		};
		9CE39B761EBCDE5500A08E94 /* Model */ = {
			isa = PBXGroup;
			children = (
				9C4F6CA01EBF396E004D5F23 /* Character.swift */,
				9C4F6CA11EBF396E004D5F23 /* Comic.swift */,
				9C4F6CA21EBF396E004D5F23 /* Dates.swift */,
				9C4F6CA31EBF396E004D5F23 /* Images.swift */,
				9C4F6CA41EBF396E004D5F23 /* Price.swift */,
				9C4F6CA51EBF396E004D5F23 /* Series.swift */,
				9C4F6CA71EBF396E004D5F23 /* Thumbnail.swift */,
				9C4F6CB01EBF3AA1004D5F23 /* Creator.swift */,
			);
			name = Model;
			sourceTree = "<group>";
		};
		9CE39B771EBCDE5F00A08E94 /* View */ = {
			isa = PBXGroup;
			children = (
			);
			name = View;
			sourceTree = "<group>";
		};
		9CE39B781EBCDE6600A08E94 /* Controller */ = {
			isa = PBXGroup;
			children = (
				9CE39B481EBCDE1900A08E94 /* AppDelegate.swift */,
				9C4F6CB71EBF474F004D5F23 /* ComicResult.swift */,
			);
			name = Controller;
			sourceTree = "<group>";
		};
		9CE39B791EBCDE7800A08E94 /* Interactor */ = {
			isa = PBXGroup;
			children = (
				9CE39B7A1EBCDF5400A08E94 /* apikeys.plist */,
				9CE39B7C1EBCDF6C00A08E94 /* MarvelAPI.swift */,
				9C4F6CB21EBF3C95004D5F23 /* Comic+Create.swift */,
				9C4F6CB41EBF447D004D5F23 /* Comics.json */,
			);
			name = Interactor;
			sourceTree = "<group>";
		};
		B8D4BDC909F2A8947D6387D9 /* Frameworks */ = {
			isa = PBXGroup;
			children = (
				5B981FF36F028383A01147C2 /* Pods_MarvelOus.framework */,
				A66EB2C89EE19EDCF98D9B02 /* Pods_MarvelOusTests.framework */,
			);
			name = Frameworks;
			sourceTree = "<group>";
		};
/* End PBXGroup section */

/* Begin PBXNativeTarget section */
		9CE39B441EBCDE1900A08E94 /* MarvelOus */ = {
			isa = PBXNativeTarget;
			buildConfigurationList = 9CE39B6D1EBCDE1900A08E94 /* Build configuration list for PBXNativeTarget "MarvelOus" */;
			buildPhases = (
				E0EEA64C5B3739536005C433 /* [CP] Check Pods Manifest.lock */,
				9CE39B411EBCDE1900A08E94 /* Sources */,
				9CE39B421EBCDE1900A08E94 /* Frameworks */,
				9CE39B431EBCDE1900A08E94 /* Resources */,
				D38FCE35AC7226C0A6EC0EC5 /* [CP] Embed Pods Frameworks */,
				7DE59C52E2EB8398ADED7AAE /* [CP] Copy Pods Resources */,
			);
			buildRules = (
			);
			dependencies = (
			);
			name = MarvelOus;
			productName = MarvelOus;
			productReference = 9CE39B451EBCDE1900A08E94 /* MarvelOus.app */;
			productType = "com.apple.product-type.application";
		};
		9CE39B581EBCDE1900A08E94 /* MarvelOusTests */ = {
			isa = PBXNativeTarget;
			buildConfigurationList = 9CE39B701EBCDE1900A08E94 /* Build configuration list for PBXNativeTarget "MarvelOusTests" */;
			buildPhases = (
				AE1A16B84E5803FAD53B35FE /* [CP] Check Pods Manifest.lock */,
				9CE39B551EBCDE1900A08E94 /* Sources */,
				9CE39B561EBCDE1900A08E94 /* Frameworks */,
				9CE39B571EBCDE1900A08E94 /* Resources */,
				00A17D71AE0433F2DF6D7C9D /* [CP] Embed Pods Frameworks */,
				AE27E15D9F8A354BDB730543 /* [CP] Copy Pods Resources */,
			);
			buildRules = (
			);
			dependencies = (
				9CE39B5B1EBCDE1900A08E94 /* PBXTargetDependency */,
			);
			name = MarvelOusTests;
			productName = MarvelOusTests;
			productReference = 9CE39B591EBCDE1900A08E94 /* MarvelOusTests.xctest */;
			productType = "com.apple.product-type.bundle.unit-test";
		};
		9CE39B631EBCDE1900A08E94 /* MarvelOusUITests */ = {
			isa = PBXNativeTarget;
			buildConfigurationList = 9CE39B731EBCDE1900A08E94 /* Build configuration list for PBXNativeTarget "MarvelOusUITests" */;
			buildPhases = (
				9CE39B601EBCDE1900A08E94 /* Sources */,
				9CE39B611EBCDE1900A08E94 /* Frameworks */,
				9CE39B621EBCDE1900A08E94 /* Resources */,
			);
			buildRules = (
			);
			dependencies = (
				9CE39B661EBCDE1900A08E94 /* PBXTargetDependency */,
			);
			name = MarvelOusUITests;
			productName = MarvelOusUITests;
			productReference = 9CE39B641EBCDE1900A08E94 /* MarvelOusUITests.xctest */;
			productType = "com.apple.product-type.bundle.ui-testing";
		};
/* End PBXNativeTarget section */

/* Begin PBXProject section */
		9CE39B3D1EBCDE1900A08E94 /* Project object */ = {
			isa = PBXProject;
			attributes = {
				LastSwiftUpdateCheck = 0830;
				LastUpgradeCheck = 0830;
				ORGANIZATIONNAME = Wallapop;
				TargetAttributes = {
					9CE39B441EBCDE1900A08E94 = {
						CreatedOnToolsVersion = 8.3.2;
						DevelopmentTeam = 76898M8GJ2;
						ProvisioningStyle = Automatic;
					};
					9CE39B581EBCDE1900A08E94 = {
						CreatedOnToolsVersion = 8.3.2;
						DevelopmentTeam = 76898M8GJ2;
						ProvisioningStyle = Automatic;
						TestTargetID = 9CE39B441EBCDE1900A08E94;
					};
					9CE39B631EBCDE1900A08E94 = {
						CreatedOnToolsVersion = 8.3.2;
						DevelopmentTeam = 76898M8GJ2;
						ProvisioningStyle = Automatic;
						TestTargetID = 9CE39B441EBCDE1900A08E94;
					};
				};
			};
			buildConfigurationList = 9CE39B401EBCDE1900A08E94 /* Build configuration list for PBXProject "MarvelOus" */;
			compatibilityVersion = "Xcode 3.2";
			developmentRegion = English;
			hasScannedForEncodings = 0;
			knownRegions = (
				en,
				Base,
			);
			mainGroup = 9CE39B3C1EBCDE1900A08E94;
			productRefGroup = 9CE39B461EBCDE1900A08E94 /* Products */;
			projectDirPath = "";
			projectRoot = "";
			targets = (
				9CE39B441EBCDE1900A08E94 /* MarvelOus */,
				9CE39B581EBCDE1900A08E94 /* MarvelOusTests */,
				9CE39B631EBCDE1900A08E94 /* MarvelOusUITests */,
			);
		};
/* End PBXProject section */

/* Begin PBXResourcesBuildPhase section */
		9CE39B431EBCDE1900A08E94 /* Resources */ = {
			isa = PBXResourcesBuildPhase;
			buildActionMask = 2147483647;
			files = (
				9C4F6CB51EBF447D004D5F23 /* Comics.json in Resources */,
				9CE39B531EBCDE1900A08E94 /* LaunchScreen.storyboard in Resources */,
				9CE39B7B1EBCDF5400A08E94 /* apikeys.plist in Resources */,
				9CE39B501EBCDE1900A08E94 /* Assets.xcassets in Resources */,
				9CE39B4E1EBCDE1900A08E94 /* Main.storyboard in Resources */,
			);
			runOnlyForDeploymentPostprocessing = 0;
		};
		9CE39B571EBCDE1900A08E94 /* Resources */ = {
			isa = PBXResourcesBuildPhase;
			buildActionMask = 2147483647;
			files = (
				9C4F6CB61EBF4482004D5F23 /* Comics.json in Resources */,
			);
			runOnlyForDeploymentPostprocessing = 0;
		};
		9CE39B621EBCDE1900A08E94 /* Resources */ = {
			isa = PBXResourcesBuildPhase;
			buildActionMask = 2147483647;
			files = (
			);
			runOnlyForDeploymentPostprocessing = 0;
		};
/* End PBXResourcesBuildPhase section */

/* Begin PBXShellScriptBuildPhase section */
		00A17D71AE0433F2DF6D7C9D /* [CP] Embed Pods Frameworks */ = {
			isa = PBXShellScriptBuildPhase;
			buildActionMask = 2147483647;
			files = (
			);
			inputPaths = (
			);
			name = "[CP] Embed Pods Frameworks";
			outputPaths = (
			);
			runOnlyForDeploymentPostprocessing = 0;
			shellPath = /bin/sh;
			shellScript = "\"${SRCROOT}/Pods/Target Support Files/Pods-MarvelOusTests/Pods-MarvelOusTests-frameworks.sh\"\n";
			showEnvVarsInLog = 0;
		};
		7DE59C52E2EB8398ADED7AAE /* [CP] Copy Pods Resources */ = {
			isa = PBXShellScriptBuildPhase;
			buildActionMask = 2147483647;
			files = (
			);
			inputPaths = (
			);
			name = "[CP] Copy Pods Resources";
			outputPaths = (
			);
			runOnlyForDeploymentPostprocessing = 0;
			shellPath = /bin/sh;
			shellScript = "\"${SRCROOT}/Pods/Target Support Files/Pods-MarvelOus/Pods-MarvelOus-resources.sh\"\n";
			showEnvVarsInLog = 0;
		};
		AE1A16B84E5803FAD53B35FE /* [CP] Check Pods Manifest.lock */ = {
			isa = PBXShellScriptBuildPhase;
			buildActionMask = 2147483647;
			files = (
			);
			inputPaths = (
			);
			name = "[CP] Check Pods Manifest.lock";
			outputPaths = (
			);
			runOnlyForDeploymentPostprocessing = 0;
			shellPath = /bin/sh;
			shellScript = "diff \"${PODS_ROOT}/../Podfile.lock\" \"${PODS_ROOT}/Manifest.lock\" > /dev/null\nif [[ $? != 0 ]] ; then\n    cat << EOM\nerror: The sandbox is not in sync with the Podfile.lock. Run 'pod install' or update your CocoaPods installation.\nEOM\n    exit 1\nfi\n";
			showEnvVarsInLog = 0;
		};
		AE27E15D9F8A354BDB730543 /* [CP] Copy Pods Resources */ = {
			isa = PBXShellScriptBuildPhase;
			buildActionMask = 2147483647;
			files = (
			);
			inputPaths = (
			);
			name = "[CP] Copy Pods Resources";
			outputPaths = (
			);
			runOnlyForDeploymentPostprocessing = 0;
			shellPath = /bin/sh;
			shellScript = "\"${SRCROOT}/Pods/Target Support Files/Pods-MarvelOusTests/Pods-MarvelOusTests-resources.sh\"\n";
			showEnvVarsInLog = 0;
		};
		D38FCE35AC7226C0A6EC0EC5 /* [CP] Embed Pods Frameworks */ = {
			isa = PBXShellScriptBuildPhase;
			buildActionMask = 2147483647;
			files = (
			);
			inputPaths = (
			);
			name = "[CP] Embed Pods Frameworks";
			outputPaths = (
			);
			runOnlyForDeploymentPostprocessing = 0;
			shellPath = /bin/sh;
			shellScript = "\"${SRCROOT}/Pods/Target Support Files/Pods-MarvelOus/Pods-MarvelOus-frameworks.sh\"\n";
			showEnvVarsInLog = 0;
		};
		E0EEA64C5B3739536005C433 /* [CP] Check Pods Manifest.lock */ = {
			isa = PBXShellScriptBuildPhase;
			buildActionMask = 2147483647;
			files = (
			);
			inputPaths = (
			);
			name = "[CP] Check Pods Manifest.lock";
			outputPaths = (
			);
			runOnlyForDeploymentPostprocessing = 0;
			shellPath = /bin/sh;
			shellScript = "diff \"${PODS_ROOT}/../Podfile.lock\" \"${PODS_ROOT}/Manifest.lock\" > /dev/null\nif [[ $? != 0 ]] ; then\n    cat << EOM\nerror: The sandbox is not in sync with the Podfile.lock. Run 'pod install' or update your CocoaPods installation.\nEOM\n    exit 1\nfi\n";
			showEnvVarsInLog = 0;
		};
/* End PBXShellScriptBuildPhase section */

/* Begin PBXSourcesBuildPhase section */
		9CE39B411EBCDE1900A08E94 /* Sources */ = {
			isa = PBXSourcesBuildPhase;
			buildActionMask = 2147483647;
			files = (
				9C4F6CAB1EBF396E004D5F23 /* Images.swift in Sources */,
				9C4F6CAC1EBF396E004D5F23 /* Price.swift in Sources */,
				9CE39B7D1EBCDF6C00A08E94 /* MarvelAPI.swift in Sources */,
				9C4F6CA91EBF396E004D5F23 /* Comic.swift in Sources */,
				9C4F6CAA1EBF396E004D5F23 /* Dates.swift in Sources */,
				9C4F6CAD1EBF396E004D5F23 /* Series.swift in Sources */,
				9C4F6CB81EBF474F004D5F23 /* ComicResult.swift in Sources */,
				9C4F6CB31EBF3C95004D5F23 /* Comic+Create.swift in Sources */,
				9CE39B491EBCDE1900A08E94 /* AppDelegate.swift in Sources */,
				9C4F6CB11EBF3AA1004D5F23 /* Creator.swift in Sources */,
				9C4F6CA81EBF396E004D5F23 /* Character.swift in Sources */,
				9C4F6CAF1EBF396E004D5F23 /* Thumbnail.swift in Sources */,
			);
			runOnlyForDeploymentPostprocessing = 0;
		};
		9CE39B551EBCDE1900A08E94 /* Sources */ = {
			isa = PBXSourcesBuildPhase;
			buildActionMask = 2147483647;
			files = (
				9CE39B5E1EBCDE1900A08E94 /* MarvelOusTests.swift in Sources */,
			);
			runOnlyForDeploymentPostprocessing = 0;
		};
		9CE39B601EBCDE1900A08E94 /* Sources */ = {
			isa = PBXSourcesBuildPhase;
			buildActionMask = 2147483647;
			files = (
				9CE39B691EBCDE1900A08E94 /* MarvelOusUITests.swift in Sources */,
			);
			runOnlyForDeploymentPostprocessing = 0;
		};
/* End PBXSourcesBuildPhase section */

/* Begin PBXTargetDependency section */
		9CE39B5B1EBCDE1900A08E94 /* PBXTargetDependency */ = {
			isa = PBXTargetDependency;
			target = 9CE39B441EBCDE1900A08E94 /* MarvelOus */;
			targetProxy = 9CE39B5A1EBCDE1900A08E94 /* PBXContainerItemProxy */;
		};
		9CE39B661EBCDE1900A08E94 /* PBXTargetDependency */ = {
			isa = PBXTargetDependency;
			target = 9CE39B441EBCDE1900A08E94 /* MarvelOus */;
			targetProxy = 9CE39B651EBCDE1900A08E94 /* PBXContainerItemProxy */;
		};
/* End PBXTargetDependency section */

/* Begin PBXVariantGroup section */
		9CE39B4C1EBCDE1900A08E94 /* Main.storyboard */ = {
			isa = PBXVariantGroup;
			children = (
				9CE39B4D1EBCDE1900A08E94 /* Base */,
			);
			name = Main.storyboard;
			sourceTree = "<group>";
		};
		9CE39B511EBCDE1900A08E94 /* LaunchScreen.storyboard */ = {
			isa = PBXVariantGroup;
			children = (
				9CE39B521EBCDE1900A08E94 /* Base */,
			);
			name = LaunchScreen.storyboard;
			sourceTree = "<group>";
		};
/* End PBXVariantGroup section */

/* Begin XCBuildConfiguration section */
		9CE39B6B1EBCDE1900A08E94 /* Debug */ = {
			isa = XCBuildConfiguration;
			buildSettings = {
				ALWAYS_SEARCH_USER_PATHS = NO;
				CLANG_ANALYZER_NONNULL = YES;
				CLANG_ANALYZER_NUMBER_OBJECT_CONVERSION = YES_AGGRESSIVE;
				CLANG_CXX_LANGUAGE_STANDARD = "gnu++0x";
				CLANG_CXX_LIBRARY = "libc++";
				CLANG_ENABLE_MODULES = YES;
				CLANG_ENABLE_OBJC_ARC = YES;
				CLANG_WARN_BOOL_CONVERSION = YES;
				CLANG_WARN_CONSTANT_CONVERSION = YES;
				CLANG_WARN_DIRECT_OBJC_ISA_USAGE = YES_ERROR;
				CLANG_WARN_DOCUMENTATION_COMMENTS = YES;
				CLANG_WARN_EMPTY_BODY = YES;
				CLANG_WARN_ENUM_CONVERSION = YES;
				CLANG_WARN_INFINITE_RECURSION = YES;
				CLANG_WARN_INT_CONVERSION = YES;
				CLANG_WARN_OBJC_ROOT_CLASS = YES_ERROR;
				CLANG_WARN_SUSPICIOUS_MOVE = YES;
				CLANG_WARN_UNREACHABLE_CODE = YES;
				CLANG_WARN__DUPLICATE_METHOD_MATCH = YES;
				"CODE_SIGN_IDENTITY[sdk=iphoneos*]" = "iPhone Developer";
				COPY_PHASE_STRIP = NO;
				DEBUG_INFORMATION_FORMAT = dwarf;
				ENABLE_STRICT_OBJC_MSGSEND = YES;
				ENABLE_TESTABILITY = YES;
				GCC_C_LANGUAGE_STANDARD = gnu99;
				GCC_DYNAMIC_NO_PIC = NO;
				GCC_NO_COMMON_BLOCKS = YES;
				GCC_OPTIMIZATION_LEVEL = 0;
				GCC_PREPROCESSOR_DEFINITIONS = (
					"DEBUG=1",
					"$(inherited)",
				);
				GCC_WARN_64_TO_32_BIT_CONVERSION = YES;
				GCC_WARN_ABOUT_RETURN_TYPE = YES_ERROR;
				GCC_WARN_UNDECLARED_SELECTOR = YES;
				GCC_WARN_UNINITIALIZED_AUTOS = YES_AGGRESSIVE;
				GCC_WARN_UNUSED_FUNCTION = YES;
				GCC_WARN_UNUSED_VARIABLE = YES;
				IPHONEOS_DEPLOYMENT_TARGET = 10.3;
				MTL_ENABLE_DEBUG_INFO = YES;
				ONLY_ACTIVE_ARCH = YES;
				SDKROOT = iphoneos;
				SWIFT_ACTIVE_COMPILATION_CONDITIONS = DEBUG;
				SWIFT_OPTIMIZATION_LEVEL = "-Onone";
				TARGETED_DEVICE_FAMILY = "1,2";
			};
			name = Debug;
		};
		9CE39B6C1EBCDE1900A08E94 /* Release */ = {
			isa = XCBuildConfiguration;
			buildSettings = {
				ALWAYS_SEARCH_USER_PATHS = NO;
				CLANG_ANALYZER_NONNULL = YES;
				CLANG_ANALYZER_NUMBER_OBJECT_CONVERSION = YES_AGGRESSIVE;
				CLANG_CXX_LANGUAGE_STANDARD = "gnu++0x";
				CLANG_CXX_LIBRARY = "libc++";
				CLANG_ENABLE_MODULES = YES;
				CLANG_ENABLE_OBJC_ARC = YES;
				CLANG_WARN_BOOL_CONVERSION = YES;
				CLANG_WARN_CONSTANT_CONVERSION = YES;
				CLANG_WARN_DIRECT_OBJC_ISA_USAGE = YES_ERROR;
				CLANG_WARN_DOCUMENTATION_COMMENTS = YES;
				CLANG_WARN_EMPTY_BODY = YES;
				CLANG_WARN_ENUM_CONVERSION = YES;
				CLANG_WARN_INFINITE_RECURSION = YES;
				CLANG_WARN_INT_CONVERSION = YES;
				CLANG_WARN_OBJC_ROOT_CLASS = YES_ERROR;
				CLANG_WARN_SUSPICIOUS_MOVE = YES;
				CLANG_WARN_UNREACHABLE_CODE = YES;
				CLANG_WARN__DUPLICATE_METHOD_MATCH = YES;
				"CODE_SIGN_IDENTITY[sdk=iphoneos*]" = "iPhone Developer";
				COPY_PHASE_STRIP = NO;
				DEBUG_INFORMATION_FORMAT = "dwarf-with-dsym";
				ENABLE_NS_ASSERTIONS = NO;
				ENABLE_STRICT_OBJC_MSGSEND = YES;
				GCC_C_LANGUAGE_STANDARD = gnu99;
				GCC_NO_COMMON_BLOCKS = YES;
				GCC_WARN_64_TO_32_BIT_CONVERSION = YES;
				GCC_WARN_ABOUT_RETURN_TYPE = YES_ERROR;
				GCC_WARN_UNDECLARED_SELECTOR = YES;
				GCC_WARN_UNINITIALIZED_AUTOS = YES_AGGRESSIVE;
				GCC_WARN_UNUSED_FUNCTION = YES;
				GCC_WARN_UNUSED_VARIABLE = YES;
				IPHONEOS_DEPLOYMENT_TARGET = 10.3;
				MTL_ENABLE_DEBUG_INFO = NO;
				SDKROOT = iphoneos;
				SWIFT_OPTIMIZATION_LEVEL = "-Owholemodule";
				TARGETED_DEVICE_FAMILY = "1,2";
				VALIDATE_PRODUCT = YES;
			};
			name = Release;
		};
		9CE39B6E1EBCDE1900A08E94 /* Debug */ = {
			isa = XCBuildConfiguration;
			baseConfigurationReference = 0660D949DCC106D0DDBCF083 /* Pods-MarvelOus.debug.xcconfig */;
			buildSettings = {
				ALWAYS_EMBED_SWIFT_STANDARD_LIBRARIES = YES;
				ASSETCATALOG_COMPILER_APPICON_NAME = AppIcon;
				DEVELOPMENT_TEAM = 76898M8GJ2;
				INFOPLIST_FILE = MarvelOus/Info.plist;
				LD_RUNPATH_SEARCH_PATHS = "$(inherited) @executable_path/Frameworks";
				PRODUCT_BUNDLE_IDENTIFIER = me.peschard.eugene.MarvelOus;
				PRODUCT_NAME = "$(TARGET_NAME)";
				SWIFT_VERSION = 3.0;
			};
			name = Debug;
		};
		9CE39B6F1EBCDE1900A08E94 /* Release */ = {
			isa = XCBuildConfiguration;
			baseConfigurationReference = F7CE11204F95ECA3ADC4EFC6 /* Pods-MarvelOus.release.xcconfig */;
			buildSettings = {
				ALWAYS_EMBED_SWIFT_STANDARD_LIBRARIES = YES;
				ASSETCATALOG_COMPILER_APPICON_NAME = AppIcon;
				DEVELOPMENT_TEAM = 76898M8GJ2;
				INFOPLIST_FILE = MarvelOus/Info.plist;
				LD_RUNPATH_SEARCH_PATHS = "$(inherited) @executable_path/Frameworks";
				PRODUCT_BUNDLE_IDENTIFIER = me.peschard.eugene.MarvelOus;
				PRODUCT_NAME = "$(TARGET_NAME)";
				SWIFT_VERSION = 3.0;
			};
			name = Release;
		};
		9CE39B711EBCDE1900A08E94 /* Debug */ = {
			isa = XCBuildConfiguration;
			baseConfigurationReference = 4E2F2B0811147207BD041CF3 /* Pods-MarvelOusTests.debug.xcconfig */;
			buildSettings = {
				ALWAYS_EMBED_SWIFT_STANDARD_LIBRARIES = YES;
				BUNDLE_LOADER = "$(TEST_HOST)";
				DEVELOPMENT_TEAM = 76898M8GJ2;
				INFOPLIST_FILE = MarvelOusTests/Info.plist;
				LD_RUNPATH_SEARCH_PATHS = "$(inherited) @executable_path/Frameworks @loader_path/Frameworks";
				PRODUCT_BUNDLE_IDENTIFIER = me.peschard.eugene.MarvelOusTests;
				PRODUCT_NAME = "$(TARGET_NAME)";
				SWIFT_VERSION = 3.0;
				TEST_HOST = "$(BUILT_PRODUCTS_DIR)/MarvelOus.app/MarvelOus";
			};
			name = Debug;
		};
		9CE39B721EBCDE1900A08E94 /* Release */ = {
			isa = XCBuildConfiguration;
			baseConfigurationReference = A18C5578EFBA05D4F1C4CF9A /* Pods-MarvelOusTests.release.xcconfig */;
			buildSettings = {
				ALWAYS_EMBED_SWIFT_STANDARD_LIBRARIES = YES;
				BUNDLE_LOADER = "$(TEST_HOST)";
				DEVELOPMENT_TEAM = 76898M8GJ2;
				INFOPLIST_FILE = MarvelOusTests/Info.plist;
				LD_RUNPATH_SEARCH_PATHS = "$(inherited) @executable_path/Frameworks @loader_path/Frameworks";
				PRODUCT_BUNDLE_IDENTIFIER = me.peschard.eugene.MarvelOusTests;
				PRODUCT_NAME = "$(TARGET_NAME)";
				SWIFT_VERSION = 3.0;
				TEST_HOST = "$(BUILT_PRODUCTS_DIR)/MarvelOus.app/MarvelOus";
			};
			name = Release;
		};
		9CE39B741EBCDE1900A08E94 /* Debug */ = {
			isa = XCBuildConfiguration;
			buildSettings = {
				ALWAYS_EMBED_SWIFT_STANDARD_LIBRARIES = YES;
				DEVELOPMENT_TEAM = 76898M8GJ2;
				INFOPLIST_FILE = MarvelOusUITests/Info.plist;
				LD_RUNPATH_SEARCH_PATHS = "$(inherited) @executable_path/Frameworks @loader_path/Frameworks";
				PRODUCT_BUNDLE_IDENTIFIER = me.peschard.eugene.MarvelOusUITests;
				PRODUCT_NAME = "$(TARGET_NAME)";
				SWIFT_VERSION = 3.0;
				TEST_TARGET_NAME = MarvelOus;
			};
			name = Debug;
		};
		9CE39B751EBCDE1900A08E94 /* Release */ = {
			isa = XCBuildConfiguration;
			buildSettings = {
				ALWAYS_EMBED_SWIFT_STANDARD_LIBRARIES = YES;
				DEVELOPMENT_TEAM = 76898M8GJ2;
				INFOPLIST_FILE = MarvelOusUITests/Info.plist;
				LD_RUNPATH_SEARCH_PATHS = "$(inherited) @executable_path/Frameworks @loader_path/Frameworks";
				PRODUCT_BUNDLE_IDENTIFIER = me.peschard.eugene.MarvelOusUITests;
				PRODUCT_NAME = "$(TARGET_NAME)";
				SWIFT_VERSION = 3.0;
				TEST_TARGET_NAME = MarvelOus;
			};
			name = Release;
		};
/* End XCBuildConfiguration section */

/* Begin XCConfigurationList section */
		9CE39B401EBCDE1900A08E94 /* Build configuration list for PBXProject "MarvelOus" */ = {
			isa = XCConfigurationList;
			buildConfigurations = (
				9CE39B6B1EBCDE1900A08E94 /* Debug */,
				9CE39B6C1EBCDE1900A08E94 /* Release */,
			);
			defaultConfigurationIsVisible = 0;
			defaultConfigurationName = Release;
		};
		9CE39B6D1EBCDE1900A08E94 /* Build configuration list for PBXNativeTarget "MarvelOus" */ = {
			isa = XCConfigurationList;
			buildConfigurations = (
				9CE39B6E1EBCDE1900A08E94 /* Debug */,
				9CE39B6F1EBCDE1900A08E94 /* Release */,
			);
			defaultConfigurationIsVisible = 0;
			defaultConfigurationName = Release;
		};
		9CE39B701EBCDE1900A08E94 /* Build configuration list for PBXNativeTarget "MarvelOusTests" */ = {
			isa = XCConfigurationList;
			buildConfigurations = (
				9CE39B711EBCDE1900A08E94 /* Debug */,
				9CE39B721EBCDE1900A08E94 /* Release */,
			);
			defaultConfigurationIsVisible = 0;
			defaultConfigurationName = Release;
		};
		9CE39B731EBCDE1900A08E94 /* Build configuration list for PBXNativeTarget "MarvelOusUITests" */ = {
			isa = XCConfigurationList;
			buildConfigurations = (
				9CE39B741EBCDE1900A08E94 /* Debug */,
				9CE39B751EBCDE1900A08E94 /* Release */,
			);
			defaultConfigurationIsVisible = 0;
			defaultConfigurationName = Release;
		};
/* End XCConfigurationList section */
	};
	rootObject = 9CE39B3D1EBCDE1900A08E94 /* Project object */;
}
